# This file was autogenerated by Stack.
# You should not edit this file by hand.
# For more information, please see the documentation at:
#   https://docs.haskellstack.org/en/stable/lock_files

packages:
- completed:
    hackage: cuda-0.11.0.1@sha256:106db3e688ba2e1e64380d8f281518f5b05d3448e9e33fd75039d69366af1ec7,5672
    pantry-tree:
      sha256: 61dee02277c8b56e3a3a994a8af7646a542e95c329d38d481cc2602827e79219
      size: 3857
  original:
    hackage: cuda-0.11.0.1
- completed:
    hackage: nvvm-0.10.0.1@sha256:13b54669b580e27455bbab8d0e3d09711646d2655dd9dd80ec48f16aa8841689,2456
    pantry-tree:
      sha256: 1941b8f5e5aa7fa433d73a2c6bc607343d041fc53ce109a86ecc1d47194b541f
      size: 684
  original:
    hackage: nvvm-0.10.0.1
- completed:
    name: accelerate
    pantry-tree:
      sha256: 948b67dd47934f9fcc12d23440ef2e968ede2aa8ae5ad425d4fd8c8b02450512
      size: 18551
    sha256: 340a0bb4b86e609d3322c9640a712a0f6083676d775db4cefa1a1869a3847b98
    size: 721802
    url: https://github.com/tmcdonell/accelerate/archive/f9eb010ed267357ae0e23d7ddf98186ef2ff5034.tar.gz
    version: 1.3.0.0
  original:
    url: https://github.com/tmcdonell/accelerate/archive/f9eb010ed267357ae0e23d7ddf98186ef2ff5034.tar.gz
- completed:
    name: llvm-hs
    pantry-tree:
      sha256: 21f74a6f51fae6c0a0fcf3e6620a59f341289ac743998b41ed3276fd1b7d8862
      size: 12716
    sha256: 2c1b676496382a33e430f17429112fc6f4ebc34bea5be966a6b290af4040513b
    size: 9802201
    subdir: llvm-hs
    url: https://github.com/llvm-hs/llvm-hs/archive/e4b3cfa47e72f094ab109884f18acfc666b0fb7d.tar.gz
    version: 15.0.0
  original:
    subdir: llvm-hs
    url: https://github.com/llvm-hs/llvm-hs/archive/e4b3cfa47e72f094ab109884f18acfc666b0fb7d.tar.gz
- completed:
    name: llvm-hs-pure
    pantry-tree:
      sha256: b512f9e5f8f2b3e3a06bad2fa5ff053a83d817798c7efcd47e254e68c842169d
      size: 2712
    sha256: 2c1b676496382a33e430f17429112fc6f4ebc34bea5be966a6b290af4040513b
    size: 9802201
    subdir: llvm-hs-pure
    url: https://github.com/llvm-hs/llvm-hs/archive/e4b3cfa47e72f094ab109884f18acfc666b0fb7d.tar.gz
    version: 15.0.0
  original:
    subdir: llvm-hs-pure
    url: https://github.com/llvm-hs/llvm-hs/archive/e4b3cfa47e72f094ab109884f18acfc666b0fb7d.tar.gz
- completed:
    hackage: accelerate-fft-1.3.0.0@sha256:beeca708b9ea3ed234539d50dca80e626042ba3e4b9a56da235550d31acb1c7d,4846
    pantry-tree:
      sha256: e601fc08b6c73f3f02ec916b84a2f1e8f8093d7bad89350e23f47b983eab5da2
      size: 1674
  original:
    hackage: accelerate-fft-1.3.0.0
- completed:
    hackage: accelerate-io-1.3.0.0@sha256:06c87ff6bc8a57051450f4d522081c2dd703c0074e1ee093143e9deb1d9b144b,1812
    pantry-tree:
      sha256: ce820836fc21f38eea272e7044fac6e7da3d73fade7f2430e1e3a562837798e9
      size: 523
  original:
    hackage: accelerate-io-1.3.0.0
- completed:
    hackage: accelerate-io-bytestring-0.1.0.0@sha256:24537e20842c0f054e0d7d2486fe461f71437fa7da5f5de7711d7ac05e930850,1350
    pantry-tree:
      sha256: f855e474f237afb0e45abf00d59a853c04f0feb4fd3b8476d3affc64ec1af040
      size: 357
  original:
    hackage: accelerate-io-bytestring-0.1.0.0
- completed:
    hackage: accelerate-io-bmp-0.1.0.0@sha256:c578ea6b0366f90d75ca9fd431bfad11cf7935fa52bffed67cecdda05dfbb11f,1416
    pantry-tree:
      sha256: 251735cf763b4876fb9a0b3f5b3cab0f1e76d5a3645d6fdf386b22d7ef470b5f
      size: 344
  original:
    hackage: accelerate-io-bmp-0.1.0.0
- completed:
    hackage: accelerate-io-repa-0.1.0.0@sha256:740babfe194e8d3f3eb57831f598502f91fc1a42055c65238b52c9a202dc0333,1380
    pantry-tree:
      sha256: 488618c2a61489590e967d52f65be03149c15ab6c1dd02515b4a6178e5e9b00f
      size: 342
  original:
    hackage: accelerate-io-repa-0.1.0.0
- completed:
    hackage: accelerate-io-vector-0.1.0.0@sha256:a12013ad55ff5c626f54c44e7aaf1dbd3c9777bf0240eb5d063daa9be16785da,2356
    pantry-tree:
      sha256: 43331734690fb6017e9979fd1d5340515a2095ea4cf61f619f0b3f21cb45012c
      size: 1184
  original:
    hackage: accelerate-io-vector-0.1.0.0
- completed:
    hackage: cufft-0.10.0.0@sha256:2e0494885ab5f8ece484652a3786586deadb768be6347c24ab3becbeeb5ef262,2190
    pantry-tree:
      sha256: 8a6b311840d50cf99f703271b078013c2dc3d437312e812d9a1147040d6d6029
      size: 709
  original:
    hackage: cufft-0.10.0.0
- completed:
    hackage: colour-accelerate-0.4.0.0@sha256:de76eebd743e1ad492c7577534f7c8224ec8178f310ee316a35e18372395d1b7,1706
    pantry-tree:
      sha256: 4e5b4451bfa98c3442d12e2d9b404aa21b32d0b37b7b36b02bdf275af132d27f
      size: 14789
  original:
    hackage: colour-accelerate-0.4.0.0
- completed:
    hackage: fclabels-2.0.5.1@sha256:0ec200ff51561ed6ee60fa52d47427cd4bbbb3ace618884465ce2b27840cc1d7,4621
    pantry-tree:
      sha256: a4e783458909c5916eab9b606225b0ee01fb53bafd3e72d75e7ed18811df7fad
      size: 1008
  original:
    hackage: fclabels-2.0.5.1
- completed:
    hackage: gloss-accelerate-2.1.0.0@sha256:918bbb7ef1729a8689b30b1670491d8d05f183dabf5d6f33774d61de5f79b845,1358
    pantry-tree:
      sha256: 204919d7b3c35f3fb6d7f2d2dc2112275003ca1220bdac9d9cbf910159fb484d
      size: 379
  original:
    hackage: gloss-accelerate-2.1.0.0
- completed:
    hackage: gloss-raster-accelerate-2.1.0.0@sha256:7c17ef365dc8e258a2ff6fc56b1c96b024d7015b91e1ac98b0264b654de3c22d,1397
    pantry-tree:
      sha256: c83d59d88b87bfb30155741e39e2b2d84230fa22da59b10aaa3f5cc92e2d0f79
      size: 418
  original:
    hackage: gloss-raster-accelerate-2.1.0.0
- completed:
    hackage: lens-accelerate-0.3.0.0@sha256:782bb148e47babdd90a146879066de935e63269ebe800091c7ecc59eba7973bf,1431
    pantry-tree:
      sha256: c70c9f6fe85d96c7a271dbe808a7e04563424de259a69e347957f38efac5b5c3
      size: 692
  original:
    hackage: lens-accelerate-0.3.0.0
- completed:
    hackage: linear-accelerate-0.7.0.0@sha256:096fba507820938405b0f70f6904f5844c73d8adb45f9b0a4d8680f4d3e98c69,2469
    pantry-tree:
      sha256: 2399c3608737e02b2252d80bbb4c8fe5129d220edebc1fa5a5307babb71a0995
      size: 1766
  original:
    hackage: linear-accelerate-0.7.0.0
- completed:
    hackage: mwc-random-accelerate-0.2.0.0@sha256:5785280c6fb511154eab9bf32a1149a9b084dd21b00e9696b0f89b87d90fabf8,1678
    pantry-tree:
      sha256: f0c8340444ffae62d0c858fdcb817be8ba0d919e4bfc69b07e420e2881fcfa76
      size: 303
  original:
    hackage: mwc-random-accelerate-0.2.0.0
- completed:
    hackage: repa-3.4.1.5@sha256:18688f4bfecb2c454386fe149f12e73bd1d83eefd48214cae26d4e6a7ac283ae,3697
    pantry-tree:
      sha256: 5199f6ad4aba8116228aad3305e831090a3e23372ec8808177401cb404dfdeb9
      size: 2965
  original:
    hackage: repa-3.4.1.5
- completed:
    hackage: repa-io-3.4.1.2@sha256:2ffc9a70f626e5fc74a16d6a060bf7e7c8327d2e7da5eb3d6822088134c679db,1284
    pantry-tree:
      sha256: d94113a8eb6b90a4812e06f69ed4e50a505843e843a429dd3787880c66dde550
      size: 570
  original:
    hackage: repa-io-3.4.1.2
- completed:
    hackage: lens-5.2.2@sha256:e01d5732173645b80f23a189a0f7e1f5cd0b2286de0ce20baf941cbf5c3b8435,15158
    pantry-tree:
      sha256: b69117901be8d6fb47cf106504af0065a5271a10bdbf9d8ab89acbd0508c4653
      size: 8216
  original:
    hackage: lens-5.2.2
snapshots:
- completed:
    sha256: 23bb9bb355bfdb1635252e120a29b712f0d5e8a6c6a65c5ab5bd6692f46c438e
    size: 640457
    url: https://raw.githubusercontent.com/commercialhaskell/stackage-snapshots/master/lts/21/7.yaml
  original: lts-21.7
